{
  "nodes": {
    "common-infra": {
      "inputs": {
        "deploy": [
          "deploy"
        ],
        "nixpkgs": [
          "nixpkgs"
        ]
      },
      "locked": {
        "lastModified": 1602009650,
        "narHash": "sha256-eerzZM8WOTgfGoAMjV+RhuzdbPH0l68WjCNJ5HN2wsw=",
        "owner": "serokell",
        "repo": "common-infra",
        "rev": "d44d88c2ecdd0cb92035d14dcba6c16c8e4a4d17",
        "type": "github"
      },
      "original": {
        "owner": "serokell",
        "repo": "common-infra",
        "type": "github"
      }
    },
    "deploy": {
      "inputs": {
        "naersk": "naersk",
        "nixpkgs": "nixpkgs_2",
        "utils": "utils"
      },
      "locked": {
        "lastModified": 1602007720,
        "narHash": "sha256-cSoTUekeXuAsTI3Rv9dQzNyMIIiD5GfWtxJgooJW7F0=",
        "owner": "notgne2",
        "repo": "deploy-rs",
        "rev": "3a92593bf9c4ca07a2b09888e4a3f7dff6c9c510",
        "type": "github"
      },
      "original": {
        "owner": "notgne2",
        "repo": "deploy-rs",
        "type": "github"
      }
    },
    "gitignore-nix": {
      "flake": false,
      "locked": {
        "lastModified": 1591774229,
        "narHash": "sha256-LXgvQm0kJZWnuk50j6iKgDMNvUxzbgdw4lyKT9k+Q08=",
        "owner": "hercules-ci",
        "repo": "gitignore.nix",
        "rev": "647d0821b590ee96056f4593640534542d8700e5",
        "type": "github"
      },
      "original": {
        "owner": "hercules-ci",
        "repo": "gitignore.nix",
        "type": "github"
      }
    },
    "naersk": {
      "inputs": {
        "nixpkgs": "nixpkgs"
      },
      "locked": {
        "lastModified": 1597138680,
        "narHash": "sha256-3pDN/W17wjVDbrkgo60xQSb24+QAPQ7ulsUq5atNni0=",
        "owner": "nmattia",
        "repo": "naersk",
        "rev": "529e910a3f423a8211f8739290014b754b2555b6",
        "type": "github"
      },
      "original": {
        "owner": "nmattia",
        "ref": "master",
        "repo": "naersk",
        "type": "github"
      }
    },
    "nixpkgs": {
      "locked": {
        "lastModified": 1601091160,
        "narHash": "sha256-26UI9LGjRO8Sv253zJZkoapP260QkJPQ2+vRyC1i+kI=",
        "owner": "NixOS",
        "repo": "nixpkgs",
        "rev": "2768436826543af2b1540e4fe6b5afa15850e155",
        "type": "github"
      },
      "original": {
        "id": "nixpkgs",
        "type": "indirect"
      }
    },
    "nixpkgs_2": {
      "locked": {
        "lastModified": 1600387253,
        "narHash": "sha256-WtdpHuiunPF9QMlcXrWJkESuIjSSjP9WMOKvYQS/D7M=",
        "owner": "NixOS",
        "repo": "nixpkgs",
        "rev": "72b9660dc18ba347f7cd41a9504fc181a6d87dc3",
        "type": "github"
      },
      "original": {
        "owner": "NixOS",
        "ref": "nixpkgs-unstable",
        "repo": "nixpkgs",
        "type": "github"
      }
    },
    "nixpkgs_3": {
      "locked": {
        "lastModified": 1598385881,
        "narHash": "sha256-kBvSrVo9NrWlQEvMtjEx/TCEDQTAG1M8pxhyxj0PSyU=",
        "owner": "serokell",
        "repo": "nixpkgs",
        "rev": "66a26e65eb7f9b6cb3f773052da0cd3ac52f015c",
        "type": "github"
      },
      "original": {
        "owner": "serokell",
        "repo": "nixpkgs",
        "type": "github"
      }
    },
    "root": {
      "inputs": {
        "common-infra": "common-infra",
        "deploy": "deploy",
        "nixpkgs": "nixpkgs_3",
        "serokell-nix": "serokell-nix"
      }
    },
    "serokell-nix": {
      "inputs": {
        "gitignore-nix": "gitignore-nix",
        "nixpkgs": [
          "nixpkgs"
        ]
      },
      "locked": {
        "lastModified": 1597092323,
        "narHash": "sha256-bHeVJL5aXpF8WJbv0/8iFy+MgmtznVLudk6LO8RFvN8=",
        "owner": "serokell",
        "repo": "serokell.nix",
        "rev": "4cb5eff271d2b42dfb969f599629e6f1b538ed47",
        "type": "github"
      },
      "original": {
        "owner": "serokell",
        "repo": "serokell.nix",
        "type": "github"
      }
    },
    "utils": {
      "locked": {
        "lastModified": 1600209923,
        "narHash": "sha256-zoOWauTliFEjI++esk6Jzk7QO5EKpddWXQm9yQK24iM=",
        "owner": "numtide",
        "repo": "flake-utils",
        "rev": "3cd06d3c1df6879c9e41cb2c33113df10566c760",
        "type": "github"
      },
      "original": {
        "owner": "numtide",
        "repo": "flake-utils",
        "type": "github"
      }
    }
  },
  "root": "root",
  "version": 7
}
